PODS:
  - SimpleReactive (0.1.0):
    - SimpleReactive/Source (= 0.1.0)
  - SimpleReactive/Source (0.1.0)

DEPENDENCIES:
  - SimpleReactive (from `.`)

EXTERNAL SOURCES:
  SimpleReactive:
    :path: .

SPEC CHECKSUMS:
  SimpleReactive: 98b41b63d41b99019a9274eb8b3ac39bd12b252b

PODFILE CHECKSUM: 84e1a8987975b3604a2a8bb9e5a59c8ae8ff315a

COCOAPODS: 1.2.1
